
Microsoft Visual Studio Solution File, Format Version 12.00
# Visual Studio Version 16
VisualStudioVersion = 16.0.31515.178
MinimumVisualStudioVersion = 10.0.40219.1
Project("{FAE04EC0-301F-11D3-BF4B-00C04F79EFBC}") = "TesteByCrypt", "TesteByCrypt.csproj", "{B6A4BA9F-C099-4D33-BDF2-1C252EAD053C}"
EndProject
Global
	GlobalSection(SolutionConfigurationPlatforms) = preSolution
		Debug|Any CPU = Debug|Any CPU
		Release|Any CPU = Release|Any CPU
	EndGlobalSection
	GlobalSection(ProjectConfigurationPlatforms) = postSolution
		{B6A4BA9F-C099-4D33-BDF2-1C252EAD053C}.Debug|Any CPU.ActiveCfg = Debug|Any CPU
		{B6A4BA9F-C099-4D33-BDF2-1C252EAD053C}.Debug|Any CPU.Build.0 = Debug|Any CPU
		{B6A4BA9F-C099-4D33-BDF2-1C252EAD053C}.Release|Any CPU.ActiveCfg = Release|Any CPU
		{B6A4BA9F-C099-4D33-BDF2-1C252EAD053C}.Release|Any CPU.Build.0 = Release|Any CPU
	EndGlobalSection
	GlobalSection(SolutionProperties) = preSolution
		HideSolutionNode = FALSE
	EndGlobalSection
	GlobalSection(ExtensibilityGlobals) = postSolution
		SolutionGuid = {15F62DFB-67E1-4E5C-A6A6-FB3E3E399C68}
	EndGlobalSection
EndGlobal
